{:desc "Prodam Lego duplo kocke za sestavljanje avtomobilov, vsebuje vse kocke in katalog z idejami za sestavljanje. Škatle žal nimamo več.", :title "Lego duplo 10552", :image "https://mmc.bolha.com/storage/0/thumb2/a12a/86a0/Legoduplo-210x210-1000.png", :price "12,00 €", :href "/igrace-otroska-oprema/igrace/ustvarjalne-igrace/kocke/lego-duplo-10552-1345472886.html?aclct=1564595575&kw=lego"}
